lockfileVersion: '9.0'

settings:
  autoInstallPeers: true
  excludeLinksFromLockfile: false

importers:

  .:
    dependencies:
      '@radix-ui/react-dialog':
        specifier: ^1.1.15
        version: 1.1.15(@types/react-dom@19.2.3(@types/react@19.2.14))(@types/react@19.2.14)(react-dom@19.2.5(react@19.2.5))(react@19.2.5)
      '@radix-ui/react-separator':
        specifier: ^1.1.7
        version: 1.1.8(@types/react-dom@19.2.3(@types/react@19.2.14))(@types/react@19.2.14)(react-dom@19.2.5(react@19.2.5))(react@19.2.5)
      '@radix-ui/react-slot':
        specifier: ^1.2.3
        version: 1.2.4(@types/react@19.2.14)(react@19.2.5)
      '@radix-ui/react-switch':
        specifier: ^1.2.5
        version: 1.2.6(@types/react-dom@19.2.3(@types/react@19.2.14))(@types/react@19.2.14)(react-dom@19.2.5(react@19.2.5))(react@19.2.5)
      '@radix-ui/react-tabs':
        specifier: ^1.1.13
        version: 1.1.13(@types/react-dom@19.2.3(@types/react@19.2.14))(@types/react@19.2.14)(react-dom@19.2.5(react@19.2.5))(react@19.2.5)
      class-variance-authority:
        specifier: ^0.7.1
        version: 0.7.1
      clsx:
        specifier: ^2.1.1
        version: 2.1.1
      idb:
        specifier: ^8.0.3
        version: 8.0.3
      lucide-react:
        specifier: ^0.511.0
        version: 0.511.0(react@19.2.5)
      next:
        specifier: ^15.0.0
        version: 15.5.15(react-dom@19.2.5(react@19.2.5))(react@19.2.5)
      next-themes:
        specifier: ^0.4.6
        version: 0.4.6(react-dom@19.2.5(react@19.2.5))(react@19.2.5)
      qrcode:
        specifier: ^1.5.3
        version: 1.5.3
      react:
        specifier: ^19.0.0
        version: 19.2.5
      react-dom:
        specifier: ^19.0.0
        version: 19.2.5(react@19.2.5)
      recharts:
        specifier: ^2.15.4
        version: 2.15.4(react-dom@19.2.5(react@19.2.5))(react@19.2.5)
      sonner:
        specifier: ^2.0.3
        version: 2.0.7(react-dom@19.2.5(react@19.2.5))(react@19.2.5)
      speakeasy:
        specifier: ^2.0.0
        version: 2.0.0
      tailwind-merge:
        specifier: ^3.3.0
        version: 3.5.0
      zustand:
        specifier: ^5.0.5
        version: 5.0.12(@types/react@19.2.14)(react@19.2.5)
    devDependencies:
      '@types/node':
        specifier: ^22.15.18
        version: 22.19.17
      '@types/qrcode':
        specifier: ^1.5.5
        version: 1.5.5
      '@types/react':
        specifier: ^19.1.4
        version: 19.2.14
      '@types/react-dom':
        specifier: ^19.1.5
        version: 19.2.3(@types/react@19.2.14)
      autoprefixer:
        specifier: ^10.4.21
        version: 10.5.0(postcss@8.5.10)
      eslint:
        specifier: ^8.57.1
        version: 8.57.1
      eslint-config-next:
        specifier: ^15.0.0
        version: 15.5.15(eslint@8.57.1)(typescript@5.9.3)
      postcss:
        specifier: ^8.5.3
        version: 8.5.10
      tailwindcss:
        specifier: ^3.4.17
        version: 3.4.19
      typescript:
        specifier: ^5.8.3
        version: 5.9.3
